
Microsoft Visual Studio Solution File, Format Version 12.00
# Visual Studio Version 16
VisualStudioVersion = 16.0.30621.155
MinimumVisualStudioVersion = 10.0.40219.1
Project("{FAE04EC0-301F-11D3-BF4B-00C04F79EFBC}") = "ExamenJavierPila.Android", "ExamenJavierPila\ExamenJavierPila.Android\ExamenJavierPila.Android.csproj", "{3A405DE7-34D9-44FD-93A1-52D1FFC68B2B}"
EndProject
Project("{FAE04EC0-301F-11D3-BF4B-00C04F79EFBC}") = "ExamenJavierPila.iOS", "ExamenJavierPila\ExamenJavierPila.iOS\ExamenJavierPila.iOS.csproj", "{0EA50485-2BE6-4707-96DF-E3B50E5D4B18}"
EndProject
Project("{FAE04EC0-301F-11D3-BF4B-00C04F79EFBC}") = "ExamenJavierPila", "ExamenJavierPila\ExamenJavierPila\ExamenJavierPila.csproj", "{D4B84499-5225-43F1-91ED-5F05454090C2}"
EndProject
Global
	GlobalSection(SolutionConfigurationPlatforms) = preSolution
		Debug|Any CPU = Debug|Any CPU
		Debug|iPhone = Debug|iPhone
		Debug|iPhoneSimulator = Debug|iPhoneSimulator
		Release|Any CPU = Release|Any CPU
		Release|iPhone = Release|iPhone
		Release|iPhoneSimulator = Release|iPhoneSimulator
	EndGlobalSection
	GlobalSection(ProjectConfigurationPlatforms) = postSolution
		{3A405DE7-34D9-44FD-93A1-52D1FFC68B2B}.Debug|Any CPU.ActiveCfg = Debug|Any CPU
		{3A405DE7-34D9-44FD-93A1-52D1FFC68B2B}.Debug|Any CPU.Build.0 = Debug|Any CPU
		{3A405DE7-34D9-44FD-93A1-52D1FFC68B2B}.Debug|Any CPU.Deploy.0 = Debug|Any CPU
		{3A405DE7-34D9-44FD-93A1-52D1FFC68B2B}.Debug|iPhone.ActiveCfg = Debug|Any CPU
		{3A405DE7-34D9-44FD-93A1-52D1FFC68B2B}.Debug|iPhone.Build.0 = Debug|Any CPU
		{3A405DE7-34D9-44FD-93A1-52D1FFC68B2B}.Debug|iPhone.Deploy.0 = Debug|Any CPU
		{3A405DE7-34D9-44FD-93A1-52D1FFC68B2B}.Debug|iPhoneSimulator.ActiveCfg = Debug|Any CPU
		{3A405DE7-34D9-44FD-93A1-52D1FFC68B2B}.Debug|iPhoneSimulator.Build.0 = Debug|Any CPU
		{3A405DE7-34D9-44FD-93A1-52D1FFC68B2B}.Debug|iPhoneSimulator.Deploy.0 = Debug|Any CPU
		{3A405DE7-34D9-44FD-93A1-52D1FFC68B2B}.Release|Any CPU.ActiveCfg = Release|Any CPU
		{3A405DE7-34D9-44FD-93A1-52D1FFC68B2B}.Release|Any CPU.Build.0 = Release|Any CPU
		{3A405DE7-34D9-44FD-93A1-52D1FFC68B2B}.Release|Any CPU.Deploy.0 = Release|Any CPU
		{3A405DE7-34D9-44FD-93A1-52D1FFC68B2B}.Release|iPhone.ActiveCfg = Release|Any CPU
		{3A405DE7-34D9-44FD-93A1-52D1FFC68B2B}.Release|iPhone.Build.0 = Release|Any CPU
		{3A405DE7-34D9-44FD-93A1-52D1FFC68B2B}.Release|iPhone.Deploy.0 = Release|Any CPU
		{3A405DE7-34D9-44FD-93A1-52D1FFC68B2B}.Release|iPhoneSimulator.ActiveCfg = Release|Any CPU
		{3A405DE7-34D9-44FD-93A1-52D1FFC68B2B}.Release|iPhoneSimulator.Build.0 = Release|Any CPU
		{3A405DE7-34D9-44FD-93A1-52D1FFC68B2B}.Release|iPhoneSimulator.Deploy.0 = Release|Any CPU
		{0EA50485-2BE6-4707-96DF-E3B50E5D4B18}.Debug|Any CPU.ActiveCfg = Debug|iPhone
		{0EA50485-2BE6-4707-96DF-E3B50E5D4B18}.Debug|Any CPU.Build.0 = Debug|iPhone
		{0EA50485-2BE6-4707-96DF-E3B50E5D4B18}.Debug|Any CPU.Deploy.0 = Debug|iPhone
		{0EA50485-2BE6-4707-96DF-E3B50E5D4B18}.Debug|iPhone.ActiveCfg = Debug|iPhone
		{0EA50485-2BE6-4707-96DF-E3B50E5D4B18}.Debug|iPhone.Build.0 = Debug|iPhone
		{0EA50485-2BE6-4707-96DF-E3B50E5D4B18}.Debug|iPhone.Deploy.0 = Debug|iPhone
		{0EA50485-2BE6-4707-96DF-E3B50E5D4B18}.Debug|iPhoneSimulator.ActiveCfg = Debug|iPhoneSimulator
		{0EA50485-2BE6-4707-96DF-E3B50E5D4B18}.Debug|iPhoneSimulator.Build.0 = Debug|iPhoneSimulator
		{0EA50485-2BE6-4707-96DF-E3B50E5D4B18}.Debug|iPhoneSimulator.Deploy.0 = Debug|iPhoneSimulator
		{0EA50485-2BE6-4707-96DF-E3B50E5D4B18}.Release|Any CPU.ActiveCfg = Release|iPhoneSimulator
		{0EA50485-2BE6-4707-96DF-E3B50E5D4B18}.Release|Any CPU.Build.0 = Release|iPhoneSimulator
		{0EA50485-2BE6-4707-96DF-E3B50E5D4B18}.Release|Any CPU.Deploy.0 = Release|iPhoneSimulator
		{0EA50485-2BE6-4707-96DF-E3B50E5D4B18}.Release|iPhone.ActiveCfg = Release|iPhone
		{0EA50485-2BE6-4707-96DF-E3B50E5D4B18}.Release|iPhone.Build.0 = Release|iPhone
		{0EA50485-2BE6-4707-96DF-E3B50E5D4B18}.Release|iPhone.Deploy.0 = Release|iPhone
		{0EA50485-2BE6-4707-96DF-E3B50E5D4B18}.Release|iPhoneSimulator.ActiveCfg = Release|iPhoneSimulator
		{0EA50485-2BE6-4707-96DF-E3B50E5D4B18}.Release|iPhoneSimulator.Build.0 = Release|iPhoneSimulator
		{0EA50485-2BE6-4707-96DF-E3B50E5D4B18}.Release|iPhoneSimulator.Deploy.0 = Release|iPhoneSimulator
		{D4B84499-5225-43F1-91ED-5F05454090C2}.Debug|Any CPU.ActiveCfg = Debug|Any CPU
		{D4B84499-5225-43F1-91ED-5F05454090C2}.Debug|Any CPU.Build.0 = Debug|Any CPU
		{D4B84499-5225-43F1-91ED-5F05454090C2}.Debug|Any CPU.Deploy.0 = Debug|Any CPU
		{D4B84499-5225-43F1-91ED-5F05454090C2}.Debug|iPhone.ActiveCfg = Debug|Any CPU
		{D4B84499-5225-43F1-91ED-5F05454090C2}.Debug|iPhone.Build.0 = Debug|Any CPU
		{D4B84499-5225-43F1-91ED-5F05454090C2}.Debug|iPhone.Deploy.0 = Debug|Any CPU
		{D4B84499-5225-43F1-91ED-5F05454090C2}.Debug|iPhoneSimulator.ActiveCfg = Debug|Any CPU
		{D4B84499-5225-43F1-91ED-5F05454090C2}.Debug|iPhoneSimulator.Build.0 = Debug|Any CPU
		{D4B84499-5225-43F1-91ED-5F05454090C2}.Debug|iPhoneSimulator.Deploy.0 = Debug|Any CPU
		{D4B84499-5225-43F1-91ED-5F05454090C2}.Release|Any CPU.ActiveCfg = Release|Any CPU
		{D4B84499-5225-43F1-91ED-5F05454090C2}.Release|Any CPU.Build.0 = Release|Any CPU
		{D4B84499-5225-43F1-91ED-5F05454090C2}.Release|Any CPU.Deploy.0 = Release|Any CPU
		{D4B84499-5225-43F1-91ED-5F05454090C2}.Release|iPhone.ActiveCfg = Release|Any CPU
		{D4B84499-5225-43F1-91ED-5F05454090C2}.Release|iPhone.Build.0 = Release|Any CPU
		{D4B84499-5225-43F1-91ED-5F05454090C2}.Release|iPhone.Deploy.0 = Release|Any CPU
		{D4B84499-5225-43F1-91ED-5F05454090C2}.Release|iPhoneSimulator.ActiveCfg = Release|Any CPU
		{D4B84499-5225-43F1-91ED-5F05454090C2}.Release|iPhoneSimulator.Build.0 = Release|Any CPU
		{D4B84499-5225-43F1-91ED-5F05454090C2}.Release|iPhoneSimulator.Deploy.0 = Release|Any CPU
	EndGlobalSection
	GlobalSection(SolutionProperties) = preSolution
		HideSolutionNode = FALSE
	EndGlobalSection
	GlobalSection(ExtensibilityGlobals) = postSolution
		SolutionGuid = {B3749115-F3A1-4EA5-A5CE-B7D8545914FF}
	EndGlobalSection
EndGlobal
